lockfileVersion: '9.0'

settings:
  autoInstallPeers: true
  excludeLinksFromLockfile: false

overrides:
  minimatch@<10.2.1: '>=10.2.1'

importers:

  .:
    dependencies:
      html-entities:
        specifier: ^2.6.0
        version: 2.6.0
      typescript:
        specifier: ^5.9.3
        version: 5.9.3
    devDependencies:
      '@types/node':
        specifier: ^25.0.5
        version: 25.0.5

packages:

  '@types/node@25.0.5':
    resolution: {integrity: sha512-FuLxeLuSVOqHPxSN1fkcD8DLU21gAP7nCKqGRJ/FglbCUBs0NYN6TpHcdmyLeh8C0KwGIaZQJSv+OYG+KZz+Gw==}

  html-entities@2.6.0:
    resolution: {integrity: sha512-kig+rMn/QOVRvr7c86gQ8lWXq+Hkv6CbAH1hLu+RG338StTpE8Z0b44SDVaqVu7HGKf27frdmUYEs9hTUX/cLQ==}

  typescript@5.9.3:
    resolution: {integrity: sha512-jl1vZzPDinLr9eUt3J/t7V6FgNEw9QjvBPdysz9KfQDD41fQrC2Y4vKQdiaUpFT4bXlb1RHhLpp8wtm6M5TgSw==}
    engines: {node: '>=14.17'}
    hasBin: true

  undici-types@7.16.0:
    resolution: {integrity: sha512-Zz+aZWSj8LE6zoxD+xrjh4VfkIG8Ya6LvYkZqtUQGJPZjYl53ypCaUwWqo7eI0x66KBGeRo+mlBEkMSeSZ38Nw==}

snapshots:

  '@types/node@25.0.5':
    dependencies:
      undici-types: 7.16.0

  html-entities@2.6.0: {}

  typescript@5.9.3: {}

  undici-types@7.16.0: {}
